<?xml version="1.0" encoding="utf-8"?>
<Project ToolsVersion="4.0" xmlns="http://schemas.microsoft.com/developer/msbuild/2003">
  <ItemGroup>
    <Filter Include="Source Files">
      <UniqueIdentifier>{4FC737F1-C7A5-4376-A066-2A32D752A2FF}</UniqueIdentifier>
      <Extensions>cpp;c;cc;cxx;def;odl;idl;hpj;bat;asm;asmx</Extensions>
    </Filter>
    <Filter Include="Header Files">
      <UniqueIdentifier>{93995380-89BD-4b04-88EB-625FBE52EBFB}</UniqueIdentifier>
      <Extensions>h;hh;hpp;hxx;hm;inl;inc;xsd</Extensions>
    </Filter>
    <Filter Include="Resource Files">
      <UniqueIdentifier>{67DA6AB6-F800-4c08-8B7A-83BB121AAD01}</UniqueIdentifier>
      <Extensions>rc;ico;cur;bmp;dlg;rc2;rct;bin;rgs;gif;jpg;jpeg;jpe;resx;tiff;tif;png;wav;mfcribbon-ms</Extensions>
    </Filter>
    <Filter Include="Source Files\Graphics">
      <UniqueIdentifier>{ef968582-c04f-4c1f-a9cf-bd1039f199b3}</UniqueIdentifier>
    </Filter>
    <Filter Include="Header Files\Graphics">
      <UniqueIdentifier>{00ffa39b-ea5e-4d05-8312-03ea88879f54}</UniqueIdentifier>
    </Filter>
    <Filter Include="Header Files\Primitives">
      <UniqueIdentifier>{c8795b33-0da8-4ed7-9ec2-c3615c732862}</UniqueIdentifier>
    </Filter>
    <Filter Include="Source Files\Primitives">
      <UniqueIdentifier>{683937f3-8608-462c-9392-16cd8c2e87d2}</UniqueIdentifier>
    </Filter>
    <Filter Include="Source Files\Core">
      <UniqueIdentifier>{63863da7-d01d-4a63-8c25-2a09119d3fbb}</UniqueIdentifier>
    </Filter>
  </ItemGroup>
  <ItemGroup>
    <ClCompile Include="main.cpp">
      <Filter>Source Files</Filter>
    </ClCompile>
    <ClCompile Include="XSEngine.cpp">
      <Filter>Source Files</Filter>
    </ClCompile>
    <ClCompile Include="Primitives\Circle.cpp">
      <Filter>Source Files\Primitives</Filter>
    </ClCompile>
    <ClCompile Include="Primitives\Rectangle.cpp">
      <Filter>Source Files\Primitives</Filter>
    </ClCompile>
    <ClCompile Include="Primitives\Triangle.cpp">
      <Filter>Source Files\Primitives</Filter>
    </ClCompile>
    <ClCompile Include="Primitives\Square.cpp">
      <Filter>Source Files\Primitives</Filter>
    </ClCompile>
    <ClCompile Include="Primitives\Line.cpp">
      <Filter>Source Files\Primitives</Filter>
    </ClCompile>
    <ClCompile Include="Primitives\Trapezoid.cpp">
      <Filter>Source Files\Primitives</Filter>
    </ClCompile>
    <ClCompile Include="Primitives\Point.cpp">
      <Filter>Source Files\Primitives</Filter>
    </ClCompile>
    <ClCompile Include="Core\Scene.cpp">
      <Filter>Source Files\Core</Filter>
    </ClCompile>
    <ClCompile Include="Core\TestScene.cpp">
      <Filter>Source Files\Core</Filter>
    </ClCompile>
    <ClCompile Include="Core\TestScene2.cpp">
      <Filter>Source Files\Core</Filter>
    </ClCompile>
    <ClCompile Include="Core\ScenesStack.cpp">
      <Filter>Source Files\Core</Filter>
    </ClCompile>
    <ClCompile Include="Core\InputHandler.cpp">
      <Filter>Source Files</Filter>
    </ClCompile>
    <ClCompile Include="Graphics\Sprite.cpp">
      <Filter>Source Files</Filter>
    </ClCompile>
    <ClCompile Include="Core\TestScene3.cpp">
      <Filter>Source Files</Filter>
    </ClCompile>
  </ItemGroup>
  <ItemGroup>
    <ClInclude Include="XSEngine.hpp">
      <Filter>Header Files</Filter>
    </ClInclude>
    <ClInclude Include="Primitives.hpp">
      <Filter>Header Files</Filter>
    </ClInclude>
    <ClInclude Include="Colors.hpp">
      <Filter>Header Files</Filter>
    </ClInclude>
    <ClInclude Include="Scene.hpp">
      <Filter>Header Files</Filter>
    </ClInclude>
    <ClInclude Include="TestScene.hpp">
      <Filter>Header Files</Filter>
    </ClInclude>
    <ClInclude Include="TestScene2.hpp">
      <Filter>Header Files</Filter>
    </ClInclude>
    <ClInclude Include="InputHandler.hpp">
      <Filter>Header Files</Filter>
    </ClInclude>
    <ClInclude Include="Sprite.hpp">
      <Filter>Header Files</Filter>
    </ClInclude>
    <ClInclude Include="TestScene3.hpp">
      <Filter>Header Files</Filter>
    </ClInclude>
  </ItemGroup>
</Project>